
Microsoft Visual Studio Solution File, Format Version 12.00
# Visual Studio Version 16
VisualStudioVersion = 16.0.31112.23
MinimumVisualStudioVersion = 10.0.40219.1
Project("{FAE04EC0-301F-11D3-BF4B-00C04F79EFBC}") = "WpfApp30.1", "WpfApp30.1\WpfApp30.1.csproj", "{A7A6F44B-161E-4100-8FF3-56C8C21DA592}"
EndProject
Global
	GlobalSection(SolutionConfigurationPlatforms) = preSolution
		Debug|Any CPU = Debug|Any CPU
		Release|Any CPU = Release|Any CPU
	EndGlobalSection
	GlobalSection(ProjectConfigurationPlatforms) = postSolution
		{A7A6F44B-161E-4100-8FF3-56C8C21DA592}.Debug|Any CPU.ActiveCfg = Debug|Any CPU
		{A7A6F44B-161E-4100-8FF3-56C8C21DA592}.Debug|Any CPU.Build.0 = Debug|Any CPU
		{A7A6F44B-161E-4100-8FF3-56C8C21DA592}.Release|Any CPU.ActiveCfg = Release|Any CPU
		{A7A6F44B-161E-4100-8FF3-56C8C21DA592}.Release|Any CPU.Build.0 = Release|Any CPU
	EndGlobalSection
	GlobalSection(SolutionProperties) = preSolution
		HideSolutionNode = FALSE
	EndGlobalSection
	GlobalSection(ExtensibilityGlobals) = postSolution
		SolutionGuid = {6E5D8C78-B2EB-4E0D-B7B2-D023A1819F48}
	EndGlobalSection
EndGlobal
